
Microsoft Visual Studio Solution File, Format Version 12.00
# Visual Studio Version 16
VisualStudioVersion = 25.0.1706.1
MinimumVisualStudioVersion = 10.0.40219.1
Project("{FAE04EC0-301F-11D3-BF4B-00C04F79EFBC}") = "ShareCalReport", "ShareCalReport\ShareCalReport.csproj", "{9072CAB5-1CEB-4F0E-AA89-17196F9EEF40}"
EndProject
Global
	GlobalSection(SolutionConfigurationPlatforms) = preSolution
		Debug|Any CPU = Debug|Any CPU
		Release|Any CPU = Release|Any CPU
	EndGlobalSection
	GlobalSection(ProjectConfigurationPlatforms) = postSolution
		{9072CAB5-1CEB-4F0E-AA89-17196F9EEF40}.Debug|Any CPU.ActiveCfg = Debug|Any CPU
		{9072CAB5-1CEB-4F0E-AA89-17196F9EEF40}.Debug|Any CPU.Build.0 = Debug|Any CPU
		{9072CAB5-1CEB-4F0E-AA89-17196F9EEF40}.Release|Any CPU.ActiveCfg = Release|Any CPU
		{9072CAB5-1CEB-4F0E-AA89-17196F9EEF40}.Release|Any CPU.Build.0 = Release|Any CPU
	EndGlobalSection
	GlobalSection(SolutionProperties) = preSolution
		HideSolutionNode = FALSE
	EndGlobalSection
	GlobalSection(ExtensibilityGlobals) = postSolution
		SolutionGuid = {669F6739-CFEC-412F-B13C-4859FC946A7B}
	EndGlobalSection
EndGlobal
